
Microsoft Visual Studio Solution File, Format Version 12.00
# Visual Studio Version 16
VisualStudioVersion = 16.0.34114.132
MinimumVisualStudioVersion = 10.0.40219.1
Project("{FAE04EC0-301F-11D3-BF4B-00C04F79EFBC}") = "ivnet.club.services.api", "ivnet.club.services.api.csproj", "{6656A3DB-2046-4928-A4D3-F03D8AB56DDA}"
EndProject
Global
	GlobalSection(SolutionConfigurationPlatforms) = preSolution
		Debug|Any CPU = Debug|Any CPU
		Release|Any CPU = Release|Any CPU
	EndGlobalSection
	GlobalSection(ProjectConfigurationPlatforms) = postSolution
		{6656A3DB-2046-4928-A4D3-F03D8AB56DDA}.Debug|Any CPU.ActiveCfg = Debug|Any CPU
		{6656A3DB-2046-4928-A4D3-F03D8AB56DDA}.Debug|Any CPU.Build.0 = Debug|Any CPU
		{6656A3DB-2046-4928-A4D3-F03D8AB56DDA}.Release|Any CPU.ActiveCfg = Release|Any CPU
		{6656A3DB-2046-4928-A4D3-F03D8AB56DDA}.Release|Any CPU.Build.0 = Release|Any CPU
	EndGlobalSection
	GlobalSection(SolutionProperties) = preSolution
		HideSolutionNode = FALSE
	EndGlobalSection
	GlobalSection(ExtensibilityGlobals) = postSolution
		SolutionGuid = {24D7F265-EC79-41CD-8563-9D513CA1DB14}
	EndGlobalSection
EndGlobal
